Microsoft Visual Studio Solution File, Format Version 11.00
# Visual Studio 2008

Project("{D35A9802-8CCA-23C2-A745-A0BBA43A90FF}") = "Influence", "Assembly-CSharp.csproj", "{55A5385B-8B1E-6582-C353-98C2881CC58C}"
EndProject
Global
	GlobalSection(SolutionConfigurationPlatforms) = preSolution
		Debug|Any CPU = Debug|Any CPU
		Release|Any CPU = Release|Any CPU
	EndGlobalSection
	GlobalSection(ProjectConfigurationPlatforms) = postSolution
		{55A5385B-8B1E-6582-C353-98C2881CC58C}.Debug|Any CPU.ActiveCfg = Debug|Any CPU
		{55A5385B-8B1E-6582-C353-98C2881CC58C}.Debug|Any CPU.Build.0 = Debug|Any CPU
		{55A5385B-8B1E-6582-C353-98C2881CC58C}.Release|Any CPU.ActiveCfg = Release|Any CPU
		{55A5385B-8B1E-6582-C353-98C2881CC58C}.Release|Any CPU.Build.0 = Release|Any CPU
	EndGlobalSection
	GlobalSection(SolutionProperties) = preSolution
		HideSolutionNode = FALSE
	EndGlobalSection
	GlobalSection(MonoDevelopProperties) = preSolution
		Policies = $0
		$0.TextStylePolicy = $1
		$1.FileWidth = 800
		$1.TabsToSpaces = False
		$1.inheritsSet = VisualStudio
		$1.inheritsScope = text/plain
		$1.scope = text/x-csharp
		$0.CSharpFormattingPolicy = $2
		$2.BeforeMethodDeclarationParentheses = False
		$2.BeforeMethodCallParentheses = False
		$2.BeforeConstructorDeclarationParentheses = False
		$2.BeforeIndexerDeclarationBracket = False
		$2.BeforeDelegateDeclarationParentheses = False
		$2.NewParentheses = False
		$2.SpacesBeforeBrackets = False
		$2.inheritsSet = Mono
		$2.inheritsScope = text/x-csharp
		$2.scope = text/x-csharp
	EndGlobalSection
EndGlobal
